
Microsoft Visual Studio Solution File, Format Version 12.00
# Visual Studio Version 17
VisualStudioVersion = 17.7.34202.233
MinimumVisualStudioVersion = 10.0.40219.1
Project("{FAE04EC0-301F-11D3-BF4B-00C04F79EFBC}") = "breaking bad web", "breaking bad web\breaking bad web.csproj", "{FEAFF2FA-8EB6-4FE8-AE95-DAEDCAD32FEA}"
EndProject
Global
	GlobalSection(SolutionConfigurationPlatforms) = preSolution
		Debug|Any CPU = Debug|Any CPU
		Release|Any CPU = Release|Any CPU
	EndGlobalSection
	GlobalSection(ProjectConfigurationPlatforms) = postSolution
		{FEAFF2FA-8EB6-4FE8-AE95-DAEDCAD32FEA}.Debug|Any CPU.ActiveCfg = Debug|Any CPU
		{FEAFF2FA-8EB6-4FE8-AE95-DAEDCAD32FEA}.Debug|Any CPU.Build.0 = Debug|Any CPU
		{FEAFF2FA-8EB6-4FE8-AE95-DAEDCAD32FEA}.Release|Any CPU.ActiveCfg = Release|Any CPU
		{FEAFF2FA-8EB6-4FE8-AE95-DAEDCAD32FEA}.Release|Any CPU.Build.0 = Release|Any CPU
	EndGlobalSection
	GlobalSection(SolutionProperties) = preSolution
		HideSolutionNode = FALSE
	EndGlobalSection
	GlobalSection(ExtensibilityGlobals) = postSolution
		SolutionGuid = {8602200B-210D-453D-A828-633A7A7E00AB}
	EndGlobalSection
EndGlobal
